// !$*UTF8*$!
{
	archiveVersion = 1;
	classes = {
	};
	objectVersion = 46;
	objects = {

/* Begin PBXBuildFile section */
		1D1B407ABBE39916A34A8EA9 /* Pods_AppTableViewPlaceholderViewUITests.framework in Frameworks */ = {isa = PBXBuildFile; fileRef = 7907C625FB3806BA09E93215 /* Pods_AppTableViewPlaceholderViewUITests.framework */; };
		241A04E31F204C030036F237 /* main.m in Sources */ = {isa = PBXBuildFile; fileRef = 241A04E21F204C020036F237 /* main.m */; };
		241A04E61F204C030036F237 /* AppDelegate.m in Sources */ = {isa = PBXBuildFile; fileRef = 241A04E51F204C030036F237 /* AppDelegate.m */; };
		241A04E91F204C030036F237 /* ViewController.m in Sources */ = {isa = PBXBuildFile; fileRef = 241A04E81F204C030036F237 /* ViewController.m */; };
		241A04EC1F204C030036F237 /* Main.storyboard in Resources */ = {isa = PBXBuildFile; fileRef = 241A04EA1F204C030036F237 /* Main.storyboard */; };
		241A04EE1F204C030036F237 /* Assets.xcassets in Resources */ = {isa = PBXBuildFile; fileRef = 241A04ED1F204C030036F237 /* Assets.xcassets */; };
		241A04F11F204C030036F237 /* LaunchScreen.storyboard in Resources */ = {isa = PBXBuildFile; fileRef = 241A04EF1F204C030036F237 /* LaunchScreen.storyboard */; };
		241A04FC1F204C030036F237 /* AppTableViewPlaceholderViewTests.m in Sources */ = {isa = PBXBuildFile; fileRef = 241A04FB1F204C030036F237 /* AppTableViewPlaceholderViewTests.m */; };
		241A05071F204C030036F237 /* AppTableViewPlaceholderViewUITests.m in Sources */ = {isa = PBXBuildFile; fileRef = 241A05061F204C030036F237 /* AppTableViewPlaceholderViewUITests.m */; };
		241E53BE1F20A5830011FEE7 /* BaseViewController.m in Sources */ = {isa = PBXBuildFile; fileRef = 241E53BD1F20A5830011FEE7 /* BaseViewController.m */; };
		24369081206E5F52006DDA49 /* nodata.png in Resources */ = {isa = PBXBuildFile; fileRef = 2436906F206E5F50006DDA49 /* nodata.png */; };
		24369082206E5F52006DDA49 /* NoDataPlaceholderView.m in Sources */ = {isa = PBXBuildFile; fileRef = 24369071206E5F50006DDA49 /* NoDataPlaceholderView.m */; };
		24369083206E5F52006DDA49 /* NoDataPlaceholderView.xib in Resources */ = {isa = PBXBuildFile; fileRef = 24369072206E5F50006DDA49 /* NoDataPlaceholderView.xib */; };
		24369084206E5F52006DDA49 /* NotNetPlaceholderView.m in Sources */ = {isa = PBXBuildFile; fileRef = 24369074206E5F50006DDA49 /* NotNetPlaceholderView.m */; };
		24369085206E5F52006DDA49 /* NotNetPlaceholderView.xib in Resources */ = {isa = PBXBuildFile; fileRef = 24369075206E5F50006DDA49 /* NotNetPlaceholderView.xib */; };
		24369086206E5F52006DDA49 /* NSObject+Swizzling.m in Sources */ = {isa = PBXBuildFile; fileRef = 24369077206E5F50006DDA49 /* NSObject+Swizzling.m */; };
		24369087206E5F52006DDA49 /* UITableView+Placeholder.m in Sources */ = {isa = PBXBuildFile; fileRef = 2436907A206E5F50006DDA49 /* UITableView+Placeholder.m */; };
		24369088206E5F52006DDA49 /* Aspects.m in Sources */ = {isa = PBXBuildFile; fileRef = 2436907E206E5F50006DDA49 /* Aspects.m */; };
		24369089206E5F52006DDA49 /* ZXAspectEx.m in Sources */ = {isa = PBXBuildFile; fileRef = 24369080206E5F50006DDA49 /* ZXAspectEx.m */; };
		2436908C206E604C006DDA49 /* NetworkRequestTool.m in Sources */ = {isa = PBXBuildFile; fileRef = 2436908B206E604C006DDA49 /* NetworkRequestTool.m */; };
		24BEFC231F207DC000C317F7 /* ZXNetworkingConfigurationManager.m in Sources */ = {isa = PBXBuildFile; fileRef = 24BEFC221F207DC000C317F7 /* ZXNetworkingConfigurationManager.m */; };
		A8B19CA695EA2272A5285730 /* Pods_AppTableViewPlaceholderView.framework in Frameworks */ = {isa = PBXBuildFile; fileRef = 6B2CB4DF206A9BDFFCE20671 /* Pods_AppTableViewPlaceholderView.framework */; };
		ADB90C15BD84F0D918BF32B7 /* Pods_AppTableViewPlaceholderViewTests.framework in Frameworks */ = {isa = PBXBuildFile; fileRef = A3212B346C5562B22DC2C1FD /* Pods_AppTableViewPlaceholderViewTests.framework */; };
/* End PBXBuildFile section */

/* Begin PBXContainerItemProxy section */
		241A04F81F204C030036F237 /* PBXContainerItemProxy */ = {
			isa = PBXContainerItemProxy;
			containerPortal = 241A04D61F204C020036F237 /* Project object */;
			proxyType = 1;
			remoteGlobalIDString = 241A04DD1F204C020036F237;
			remoteInfo = AppTableViewPlaceholderView;
		};
		241A05031F204C030036F237 /* PBXContainerItemProxy */ = {
			isa = PBXContainerItemProxy;
			containerPortal = 241A04D61F204C020036F237 /* Project object */;
			proxyType = 1;
			remoteGlobalIDString = 241A04DD1F204C020036F237;
			remoteInfo = AppTableViewPlaceholderView;
		};
/* End PBXContainerItemProxy section */

/* Begin PBXFileReference section */
		0394CFB4EA4EF22ADC7C0350 /* Pods-AppTableViewPlaceholderViewTests.debug.xcconfig */ = {isa = PBXFileReference; includeInIndex = 1; lastKnownFileType = text.xcconfig; name = "Pods-AppTableViewPlaceholderViewTests.debug.xcconfig"; path = "Pods/Target Support Files/Pods-AppTableViewPlaceholderViewTests/Pods-AppTableViewPlaceholderViewTests.debug.xcconfig"; sourceTree = "<group>"; };
		241A04DE1F204C020036F237 /* AppTableViewPlaceholderView.app */ = {isa = PBXFileReference; explicitFileType = wrapper.application; includeInIndex = 0; path = AppTableViewPlaceholderView.app; sourceTree = BUILT_PRODUCTS_DIR; };
		241A04E21F204C020036F237 /* main.m */ = {isa = PBXFileReference; lastKnownFileType = sourcecode.c.objc; path = main.m; sourceTree = "<group>"; };
		241A04E41F204C030036F237 /* AppDelegate.h */ = {isa = PBXFileReference; lastKnownFileType = sourcecode.c.h; path = AppDelegate.h; sourceTree = "<group>"; };
		241A04E51F204C030036F237 /* AppDelegate.m */ = {isa = PBXFileReference; lastKnownFileType = sourcecode.c.objc; path = AppDelegate.m; sourceTree = "<group>"; };
		241A04E71F204C030036F237 /* ViewController.h */ = {isa = PBXFileReference; lastKnownFileType = sourcecode.c.h; path = ViewController.h; sourceTree = "<group>"; };
		241A04E81F204C030036F237 /* ViewController.m */ = {isa = PBXFileReference; lastKnownFileType = sourcecode.c.objc; path = ViewController.m; sourceTree = "<group>"; };
		241A04EB1F204C030036F237 /* Base */ = {isa = PBXFileReference; lastKnownFileType = file.storyboard; name = Base; path = Base.lproj/Main.storyboard; sourceTree = "<group>"; };
		241A04ED1F204C030036F237 /* Assets.xcassets */ = {isa = PBXFileReference; lastKnownFileType = folder.assetcatalog; path = Assets.xcassets; sourceTree = "<group>"; };
		241A04F01F204C030036F237 /* Base */ = {isa = PBXFileReference; lastKnownFileType = file.storyboard; name = Base; path = Base.lproj/LaunchScreen.storyboard; sourceTree = "<group>"; };
		241A04F21F204C030036F237 /* Info.plist */ = {isa = PBXFileReference; lastKnownFileType = text.plist.xml; path = Info.plist; sourceTree = "<group>"; };
		241A04F71F204C030036F237 /* AppTableViewPlaceholderViewTests.xctest */ = {isa = PBXFileReference; explicitFileType = wrapper.cfbundle; includeInIndex = 0; path = AppTableViewPlaceholderViewTests.xctest; sourceTree = BUILT_PRODUCTS_DIR; };
		241A04FB1F204C030036F237 /* AppTableViewPlaceholderViewTests.m */ = {isa = PBXFileReference; lastKnownFileType = sourcecode.c.objc; path = AppTableViewPlaceholderViewTests.m; sourceTree = "<group>"; };
		241A04FD1F204C030036F237 /* Info.plist */ = {isa = PBXFileReference; lastKnownFileType = text.plist.xml; path = Info.plist; sourceTree = "<group>"; };
		241A05021F204C030036F237 /* AppTableViewPlaceholderViewUITests.xctest */ = {isa = PBXFileReference; explicitFileType = wrapper.cfbundle; includeInIndex = 0; path = AppTableViewPlaceholderViewUITests.xctest; sourceTree = BUILT_PRODUCTS_DIR; };
		241A05061F204C030036F237 /* AppTableViewPlaceholderViewUITests.m */ = {isa = PBXFileReference; lastKnownFileType = sourcecode.c.objc; path = AppTableViewPlaceholderViewUITests.m; sourceTree = "<group>"; };
		241A05081F204C030036F237 /* Info.plist */ = {isa = PBXFileReference; lastKnownFileType = text.plist.xml; path = Info.plist; sourceTree = "<group>"; };
		241E53BC1F20A5830011FEE7 /* BaseViewController.h */ = {isa = PBXFileReference; fileEncoding = 4; lastKnownFileType = sourcecode.c.h; path = BaseViewController.h; sourceTree = "<group>"; };
		241E53BD1F20A5830011FEE7 /* BaseViewController.m */ = {isa = PBXFileReference; fileEncoding = 4; lastKnownFileType = sourcecode.c.objc; path = BaseViewController.m; sourceTree = "<group>"; };
		2436906F206E5F50006DDA49 /* nodata.png */ = {isa = PBXFileReference; lastKnownFileType = image.png; path = nodata.png; sourceTree = "<group>"; };
		24369070206E5F50006DDA49 /* NoDataPlaceholderView.h */ = {isa = PBXFileReference; fileEncoding = 4; lastKnownFileType = sourcecode.c.h; path = NoDataPlaceholderView.h; sourceTree = "<group>"; };
		24369071206E5F50006DDA49 /* NoDataPlaceholderView.m */ = {isa = PBXFileReference; fileEncoding = 4; lastKnownFileType = sourcecode.c.objc; path = NoDataPlaceholderView.m; sourceTree = "<group>"; };
		24369072206E5F50006DDA49 /* NoDataPlaceholderView.xib */ = {isa = PBXFileReference; fileEncoding = 4; lastKnownFileType = file.xib; path = NoDataPlaceholderView.xib; sourceTree = "<group>"; };
		24369073206E5F50006DDA49 /* NotNetPlaceholderView.h */ = {isa = PBXFileReference; fileEncoding = 4; lastKnownFileType = sourcecode.c.h; path = NotNetPlaceholderView.h; sourceTree = "<group>"; };
		24369074206E5F50006DDA49 /* NotNetPlaceholderView.m */ = {isa = PBXFileReference; fileEncoding = 4; lastKnownFileType = sourcecode.c.objc; path = NotNetPlaceholderView.m; sourceTree = "<group>"; };
		24369075206E5F50006DDA49 /* NotNetPlaceholderView.xib */ = {isa = PBXFileReference; fileEncoding = 4; lastKnownFileType = file.xib; path = NotNetPlaceholderView.xib; sourceTree = "<group>"; };
		24369076206E5F50006DDA49 /* NSObject+Swizzling.h */ = {isa = PBXFileReference; fileEncoding = 4; lastKnownFileType = sourcecode.c.h; path = "NSObject+Swizzling.h"; sourceTree = "<group>"; };
		24369077206E5F50006DDA49 /* NSObject+Swizzling.m */ = {isa = PBXFileReference; fileEncoding = 4; lastKnownFileType = sourcecode.c.objc; path = "NSObject+Swizzling.m"; sourceTree = "<group>"; };
		24369078206E5F50006DDA49 /* ReRequesDataDelegate.h */ = {isa = PBXFileReference; fileEncoding = 4; lastKnownFileType = sourcecode.c.h; path = ReRequesDataDelegate.h; sourceTree = "<group>"; };
		24369079206E5F50006DDA49 /* UITableView+Placeholder.h */ = {isa = PBXFileReference; fileEncoding = 4; lastKnownFileType = sourcecode.c.h; path = "UITableView+Placeholder.h"; sourceTree = "<group>"; };
		2436907A206E5F50006DDA49 /* UITableView+Placeholder.m */ = {isa = PBXFileReference; fileEncoding = 4; lastKnownFileType = sourcecode.c.objc; path = "UITableView+Placeholder.m"; sourceTree = "<group>"; };
		2436907D206E5F50006DDA49 /* Aspects.h */ = {isa = PBXFileReference; fileEncoding = 4; lastKnownFileType = sourcecode.c.h; path = Aspects.h; sourceTree = "<group>"; };
		2436907E206E5F50006DDA49 /* Aspects.m */ = {isa = PBXFileReference; fileEncoding = 4; lastKnownFileType = sourcecode.c.objc; path = Aspects.m; sourceTree = "<group>"; };
		2436907F206E5F50006DDA49 /* ZXAspectEx.h */ = {isa = PBXFileReference; fileEncoding = 4; lastKnownFileType = sourcecode.c.h; path = ZXAspectEx.h; sourceTree = "<group>"; };
		24369080206E5F50006DDA49 /* ZXAspectEx.m */ = {isa = PBXFileReference; fileEncoding = 4; lastKnownFileType = sourcecode.c.objc; path = ZXAspectEx.m; sourceTree = "<group>"; };
		2436908A206E604C006DDA49 /* NetworkRequestTool.h */ = {isa = PBXFileReference; lastKnownFileType = sourcecode.c.h; path = NetworkRequestTool.h; sourceTree = "<group>"; };
		2436908B206E604C006DDA49 /* NetworkRequestTool.m */ = {isa = PBXFileReference; lastKnownFileType = sourcecode.c.objc; path = NetworkRequestTool.m; sourceTree = "<group>"; };
		24BEFC211F207DC000C317F7 /* ZXNetworkingConfigurationManager.h */ = {isa = PBXFileReference; fileEncoding = 4; lastKnownFileType = sourcecode.c.h; path = ZXNetworkingConfigurationManager.h; sourceTree = "<group>"; };
		24BEFC221F207DC000C317F7 /* ZXNetworkingConfigurationManager.m */ = {isa = PBXFileReference; fileEncoding = 4; lastKnownFileType = sourcecode.c.objc; path = ZXNetworkingConfigurationManager.m; sourceTree = "<group>"; };
		6B2CB4DF206A9BDFFCE20671 /* Pods_AppTableViewPlaceholderView.framework */ = {isa = PBXFileReference; explicitFileType = wrapper.framework; includeInIndex = 0; path = Pods_AppTableViewPlaceholderView.framework; sourceTree = BUILT_PRODUCTS_DIR; };
		76AA829B72C79A509E5554FA /* Pods-AppTableViewPlaceholderViewUITests.release.xcconfig */ = {isa = PBXFileReference; includeInIndex = 1; lastKnownFileType = text.xcconfig; name = "Pods-AppTableViewPlaceholderViewUITests.release.xcconfig"; path = "Pods/Target Support Files/Pods-AppTableViewPlaceholderViewUITests/Pods-AppTableViewPlaceholderViewUITests.release.xcconfig"; sourceTree = "<group>"; };
		7907C625FB3806BA09E93215 /* Pods_AppTableViewPlaceholderViewUITests.framework */ = {isa = PBXFileReference; explicitFileType = wrapper.framework; includeInIndex = 0; path = Pods_AppTableViewPlaceholderViewUITests.framework; sourceTree = BUILT_PRODUCTS_DIR; };
		A3212B346C5562B22DC2C1FD /* Pods_AppTableViewPlaceholderViewTests.framework */ = {isa = PBXFileReference; explicitFileType = wrapper.framework; includeInIndex = 0; path = Pods_AppTableViewPlaceholderViewTests.framework; sourceTree = BUILT_PRODUCTS_DIR; };
		A5A9425D36C6C85F86E5D050 /* Pods-AppTableViewPlaceholderView.release.xcconfig */ = {isa = PBXFileReference; includeInIndex = 1; lastKnownFileType = text.xcconfig; name = "Pods-AppTableViewPlaceholderView.release.xcconfig"; path = "Pods/Target Support Files/Pods-AppTableViewPlaceholderView/Pods-AppTableViewPlaceholderView.release.xcconfig"; sourceTree = "<group>"; };
		AF90E29BC4D76F3BDE2D1D6A /* Pods-AppTableViewPlaceholderView.debug.xcconfig */ = {isa = PBXFileReference; includeInIndex = 1; lastKnownFileType = text.xcconfig; name = "Pods-AppTableViewPlaceholderView.debug.xcconfig"; path = "Pods/Target Support Files/Pods-AppTableViewPlaceholderView/Pods-AppTableViewPlaceholderView.debug.xcconfig"; sourceTree = "<group>"; };
		CD65BC74E5F7A990F294636D /* Pods-AppTableViewPlaceholderViewUITests.debug.xcconfig */ = {isa = PBXFileReference; includeInIndex = 1; lastKnownFileType = text.xcconfig; name = "Pods-AppTableViewPlaceholderViewUITests.debug.xcconfig"; path = "Pods/Target Support Files/Pods-AppTableViewPlaceholderViewUITests/Pods-AppTableViewPlaceholderViewUITests.debug.xcconfig"; sourceTree = "<group>"; };
		DCAFCA423F473F062F116009 /* Pods-AppTableViewPlaceholderViewTests.release.xcconfig */ = {isa = PBXFileReference; includeInIndex = 1; lastKnownFileType = text.xcconfig; name = "Pods-AppTableViewPlaceholderViewTests.release.xcconfig"; path = "Pods/Target Support Files/Pods-AppTableViewPlaceholderViewTests/Pods-AppTableViewPlaceholderViewTests.release.xcconfig"; sourceTree = "<group>"; };
/* End PBXFileReference section */

/* Begin PBXFrameworksBuildPhase section */
		241A04DB1F204C020036F237 /* Frameworks */ = {
			isa = PBXFrameworksBuildPhase;
			buildActionMask = 2147483647;
			files = (
				A8B19CA695EA2272A5285730 /* Pods_AppTableViewPlaceholderView.framework in Frameworks */,
			);
			runOnlyForDeploymentPostprocessing = 0;
		};
		241A04F41F204C030036F237 /* Frameworks */ = {
			isa = PBXFrameworksBuildPhase;
			buildActionMask = 2147483647;
			files = (
				ADB90C15BD84F0D918BF32B7 /* Pods_AppTableViewPlaceholderViewTests.framework in Frameworks */,
			);
			runOnlyForDeploymentPostprocessing = 0;
		};
		241A04FF1F204C030036F237 /* Frameworks */ = {
			isa = PBXFrameworksBuildPhase;
			buildActionMask = 2147483647;
			files = (
				1D1B407ABBE39916A34A8EA9 /* Pods_AppTableViewPlaceholderViewUITests.framework in Frameworks */,
			);
			runOnlyForDeploymentPostprocessing = 0;
		};
/* End PBXFrameworksBuildPhase section */

/* Begin PBXGroup section */
		1232DF8BAE5BC72666F11059 /* Frameworks */ = {
			isa = PBXGroup;
			children = (
				6B2CB4DF206A9BDFFCE20671 /* Pods_AppTableViewPlaceholderView.framework */,
				A3212B346C5562B22DC2C1FD /* Pods_AppTableViewPlaceholderViewTests.framework */,
				7907C625FB3806BA09E93215 /* Pods_AppTableViewPlaceholderViewUITests.framework */,
			);
			name = Frameworks;
			sourceTree = "<group>";
		};
		241A04D51F204C020036F237 = {
			isa = PBXGroup;
			children = (
				241A04E01F204C020036F237 /* AppTableViewPlaceholderView */,
				241A04FA1F204C030036F237 /* AppTableViewPlaceholderViewTests */,
				241A05051F204C030036F237 /* AppTableViewPlaceholderViewUITests */,
				241A04DF1F204C020036F237 /* Products */,
				80E5AF89821FA343866B8D57 /* Pods */,
				1232DF8BAE5BC72666F11059 /* Frameworks */,
			);
			sourceTree = "<group>";
		};
		241A04DF1F204C020036F237 /* Products */ = {
			isa = PBXGroup;
			children = (
				241A04DE1F204C020036F237 /* AppTableViewPlaceholderView.app */,
				241A04F71F204C030036F237 /* AppTableViewPlaceholderViewTests.xctest */,
				241A05021F204C030036F237 /* AppTableViewPlaceholderViewUITests.xctest */,
			);
			name = Products;
			sourceTree = "<group>";
		};
		241A04E01F204C020036F237 /* AppTableViewPlaceholderView */ = {
			isa = PBXGroup;
			children = (
				2436906E206E5F50006DDA49 /* UItableViewPlaceholder */,
				241A04E41F204C030036F237 /* AppDelegate.h */,
				241A04E51F204C030036F237 /* AppDelegate.m */,
				241A04E71F204C030036F237 /* ViewController.h */,
				241A04E81F204C030036F237 /* ViewController.m */,
				2436908A206E604C006DDA49 /* NetworkRequestTool.h */,
				2436908B206E604C006DDA49 /* NetworkRequestTool.m */,
				241E53BC1F20A5830011FEE7 /* BaseViewController.h */,
				241E53BD1F20A5830011FEE7 /* BaseViewController.m */,
				241A04EA1F204C030036F237 /* Main.storyboard */,
				241A04ED1F204C030036F237 /* Assets.xcassets */,
				241A04EF1F204C030036F237 /* LaunchScreen.storyboard */,
				241A04F21F204C030036F237 /* Info.plist */,
				241A04E11F204C020036F237 /* Supporting Files */,
			);
			path = AppTableViewPlaceholderView;
			sourceTree = "<group>";
		};
		241A04E11F204C020036F237 /* Supporting Files */ = {
			isa = PBXGroup;
			children = (
				241A04E21F204C020036F237 /* main.m */,
			);
			name = "Supporting Files";
			sourceTree = "<group>";
		};
		241A04FA1F204C030036F237 /* AppTableViewPlaceholderViewTests */ = {
			isa = PBXGroup;
			children = (
				241A04FB1F204C030036F237 /* AppTableViewPlaceholderViewTests.m */,
				241A04FD1F204C030036F237 /* Info.plist */,
			);
			path = AppTableViewPlaceholderViewTests;
			sourceTree = "<group>";
		};
		241A05051F204C030036F237 /* AppTableViewPlaceholderViewUITests */ = {
			isa = PBXGroup;
			children = (
				241A05061F204C030036F237 /* AppTableViewPlaceholderViewUITests.m */,
				241A05081F204C030036F237 /* Info.plist */,
			);
			path = AppTableViewPlaceholderViewUITests;
			sourceTree = "<group>";
		};
		2436906E206E5F50006DDA49 /* UItableViewPlaceholder */ = {
			isa = PBXGroup;
			children = (
				2436907B206E5F50006DDA49 /* 第一次加载reload处理 */,
				24BEFC1D1F205F2300C317F7 /* Reachability */,
				2436906F206E5F50006DDA49 /* nodata.png */,
				24369070206E5F50006DDA49 /* NoDataPlaceholderView.h */,
				24369071206E5F50006DDA49 /* NoDataPlaceholderView.m */,
				24369072206E5F50006DDA49 /* NoDataPlaceholderView.xib */,
				24369073206E5F50006DDA49 /* NotNetPlaceholderView.h */,
				24369074206E5F50006DDA49 /* NotNetPlaceholderView.m */,
				24369075206E5F50006DDA49 /* NotNetPlaceholderView.xib */,
				24369076206E5F50006DDA49 /* NSObject+Swizzling.h */,
				24369077206E5F50006DDA49 /* NSObject+Swizzling.m */,
				24369078206E5F50006DDA49 /* ReRequesDataDelegate.h */,
				24369079206E5F50006DDA49 /* UITableView+Placeholder.h */,
				2436907A206E5F50006DDA49 /* UITableView+Placeholder.m */,
			);
			path = UItableViewPlaceholder;
			sourceTree = "<group>";
		};
		2436907B206E5F50006DDA49 /* 第一次加载reload处理 */ = {
			isa = PBXGroup;
			children = (
				2436907C206E5F50006DDA49 /* Aspects */,
				2436907F206E5F50006DDA49 /* ZXAspectEx.h */,
				24369080206E5F50006DDA49 /* ZXAspectEx.m */,
			);
			path = "第一次加载reload处理";
			sourceTree = "<group>";
		};
		2436907C206E5F50006DDA49 /* Aspects */ = {
			isa = PBXGroup;
			children = (
				2436907D206E5F50006DDA49 /* Aspects.h */,
				2436907E206E5F50006DDA49 /* Aspects.m */,
			);
			path = Aspects;
			sourceTree = "<group>";
		};
		24BEFC1D1F205F2300C317F7 /* Reachability */ = {
			isa = PBXGroup;
			children = (
				24BEFC211F207DC000C317F7 /* ZXNetworkingConfigurationManager.h */,
				24BEFC221F207DC000C317F7 /* ZXNetworkingConfigurationManager.m */,
			);
			path = Reachability;
			sourceTree = "<group>";
		};
		80E5AF89821FA343866B8D57 /* Pods */ = {
			isa = PBXGroup;
			children = (
				AF90E29BC4D76F3BDE2D1D6A /* Pods-AppTableViewPlaceholderView.debug.xcconfig */,
				A5A9425D36C6C85F86E5D050 /* Pods-AppTableViewPlaceholderView.release.xcconfig */,
				0394CFB4EA4EF22ADC7C0350 /* Pods-AppTableViewPlaceholderViewTests.debug.xcconfig */,
				DCAFCA423F473F062F116009 /* Pods-AppTableViewPlaceholderViewTests.release.xcconfig */,
				CD65BC74E5F7A990F294636D /* Pods-AppTableViewPlaceholderViewUITests.debug.xcconfig */,
				76AA829B72C79A509E5554FA /* Pods-AppTableViewPlaceholderViewUITests.release.xcconfig */,
			);
			name = Pods;
			sourceTree = "<group>";
		};
/* End PBXGroup section */

/* Begin PBXNativeTarget section */
		241A04DD1F204C020036F237 /* AppTableViewPlaceholderView */ = {
			isa = PBXNativeTarget;
			buildConfigurationList = 241A050B1F204C030036F237 /* Build configuration list for PBXNativeTarget "AppTableViewPlaceholderView" */;
			buildPhases = (
				49B90CD4A1DCB42B5A429C11 /* [CP] Check Pods Manifest.lock */,
				241A04DA1F204C020036F237 /* Sources */,
				241A04DB1F204C020036F237 /* Frameworks */,
				241A04DC1F204C020036F237 /* Resources */,
				C9BB982DDC3B1B0716FB14E5 /* [CP] Embed Pods Frameworks */,
				BE8B9402BCBCB616DEE85E6E /* [CP] Copy Pods Resources */,
			);
			buildRules = (
			);
			dependencies = (
			);
			name = AppTableViewPlaceholderView;
			productName = AppTableViewPlaceholderView;
			productReference = 241A04DE1F204C020036F237 /* AppTableViewPlaceholderView.app */;
			productType = "com.apple.product-type.application";
		};
		241A04F61F204C030036F237 /* AppTableViewPlaceholderViewTests */ = {
			isa = PBXNativeTarget;
			buildConfigurationList = 241A050E1F204C030036F237 /* Build configuration list for PBXNativeTarget "AppTableViewPlaceholderViewTests" */;
			buildPhases = (
				A165004ED61136D53789B1C4 /* [CP] Check Pods Manifest.lock */,
				241A04F31F204C030036F237 /* Sources */,
				241A04F41F204C030036F237 /* Frameworks */,
				241A04F51F204C030036F237 /* Resources */,
				B9291FBC5E4E2D94773516BC /* [CP] Embed Pods Frameworks */,
				C9549C81AD1158BEE9DA3D04 /* [CP] Copy Pods Resources */,
			);
			buildRules = (
			);
			dependencies = (
				241A04F91F204C030036F237 /* PBXTargetDependency */,
			);
			name = AppTableViewPlaceholderViewTests;
			productName = AppTableViewPlaceholderViewTests;
			productReference = 241A04F71F204C030036F237 /* AppTableViewPlaceholderViewTests.xctest */;
			productType = "com.apple.product-type.bundle.unit-test";
		};
		241A05011F204C030036F237 /* AppTableViewPlaceholderViewUITests */ = {
			isa = PBXNativeTarget;
			buildConfigurationList = 241A05111F204C030036F237 /* Build configuration list for PBXNativeTarget "AppTableViewPlaceholderViewUITests" */;
			buildPhases = (
				B739453CA7BDAA92D3CE107A /* [CP] Check Pods Manifest.lock */,
				241A04FE1F204C030036F237 /* Sources */,
				241A04FF1F204C030036F237 /* Frameworks */,
				241A05001F204C030036F237 /* Resources */,
				D79F20E56A25C3FFBDDA86C5 /* [CP] Embed Pods Frameworks */,
				63CF81E314A9C6411178946E /* [CP] Copy Pods Resources */,
			);
			buildRules = (
			);
			dependencies = (
				241A05041F204C030036F237 /* PBXTargetDependency */,
			);
			name = AppTableViewPlaceholderViewUITests;
			productName = AppTableViewPlaceholderViewUITests;
			productReference = 241A05021F204C030036F237 /* AppTableViewPlaceholderViewUITests.xctest */;
			productType = "com.apple.product-type.bundle.ui-testing";
		};
/* End PBXNativeTarget section */

/* Begin PBXProject section */
		241A04D61F204C020036F237 /* Project object */ = {
			isa = PBXProject;
			attributes = {
				LastUpgradeCheck = 0830;
				ORGANIZATIONNAME = "郑旭";
				TargetAttributes = {
					241A04DD1F204C020036F237 = {
						CreatedOnToolsVersion = 8.3.3;
						ProvisioningStyle = Automatic;
					};
					241A04F61F204C030036F237 = {
						CreatedOnToolsVersion = 8.3.3;
						ProvisioningStyle = Automatic;
						TestTargetID = 241A04DD1F204C020036F237;
					};
					241A05011F204C030036F237 = {
						CreatedOnToolsVersion = 8.3.3;
						ProvisioningStyle = Automatic;
						TestTargetID = 241A04DD1F204C020036F237;
					};
				};
			};
			buildConfigurationList = 241A04D91F204C020036F237 /* Build configuration list for PBXProject "AppTableViewPlaceholderView" */;
			compatibilityVersion = "Xcode 3.2";
			developmentRegion = English;
			hasScannedForEncodings = 0;
			knownRegions = (
				en,
				Base,
			);
			mainGroup = 241A04D51F204C020036F237;
			productRefGroup = 241A04DF1F204C020036F237 /* Products */;
			projectDirPath = "";
			projectRoot = "";
			targets = (
				241A04DD1F204C020036F237 /* AppTableViewPlaceholderView */,
				241A04F61F204C030036F237 /* AppTableViewPlaceholderViewTests */,
				241A05011F204C030036F237 /* AppTableViewPlaceholderViewUITests */,
			);
		};
/* End PBXProject section */

/* Begin PBXResourcesBuildPhase section */
		241A04DC1F204C020036F237 /* Resources */ = {
			isa = PBXResourcesBuildPhase;
			buildActionMask = 2147483647;
			files = (
				24369085206E5F52006DDA49 /* NotNetPlaceholderView.xib in Resources */,
				24369081206E5F52006DDA49 /* nodata.png in Resources */,
				24369083206E5F52006DDA49 /* NoDataPlaceholderView.xib in Resources */,
				241A04F11F204C030036F237 /* LaunchScreen.storyboard in Resources */,
				241A04EE1F204C030036F237 /* Assets.xcassets in Resources */,
				241A04EC1F204C030036F237 /* Main.storyboard in Resources */,
			);
			runOnlyForDeploymentPostprocessing = 0;
		};
		241A04F51F204C030036F237 /* Resources */ = {
			isa = PBXResourcesBuildPhase;
			buildActionMask = 2147483647;
			files = (
			);
			runOnlyForDeploymentPostprocessing = 0;
		};
		241A05001F204C030036F237 /* Resources */ = {
			isa = PBXResourcesBuildPhase;
			buildActionMask = 2147483647;
			files = (
			);
			runOnlyForDeploymentPostprocessing = 0;
		};
/* End PBXResourcesBuildPhase section */

/* Begin PBXShellScriptBuildPhase section */
		49B90CD4A1DCB42B5A429C11 /* [CP] Check Pods Manifest.lock */ = {
			isa = PBXShellScriptBuildPhase;
			buildActionMask = 2147483647;
			files = (
			);
			inputPaths = (
			);
			name = "[CP] Check Pods Manifest.lock";
			outputPaths = (
			);
			runOnlyForDeploymentPostprocessing = 0;
			shellPath = /bin/sh;
			shellScript = "diff \"${PODS_PODFILE_DIR_PATH}/Podfile.lock\" \"${PODS_ROOT}/Manifest.lock\" > /dev/null\nif [ $? != 0 ] ; then\n    # print error to STDERR\n    echo \"error: The sandbox is not in sync with the Podfile.lock. Run 'pod install' or update your CocoaPods installation.\" >&2\n    exit 1\nfi\n";
			showEnvVarsInLog = 0;
		};
		63CF81E314A9C6411178946E /* [CP] Copy Pods Resources */ = {
			isa = PBXShellScriptBuildPhase;
			buildActionMask = 2147483647;
			files = (
			);
			inputPaths = (
			);
			name = "[CP] Copy Pods Resources";
			outputPaths = (
			);
			runOnlyForDeploymentPostprocessing = 0;
			shellPath = /bin/sh;
			shellScript = "\"${SRCROOT}/Pods/Target Support Files/Pods-AppTableViewPlaceholderViewUITests/Pods-AppTableViewPlaceholderViewUITests-resources.sh\"\n";
			showEnvVarsInLog = 0;
		};
		A165004ED61136D53789B1C4 /* [CP] Check Pods Manifest.lock */ = {
			isa = PBXShellScriptBuildPhase;
			buildActionMask = 2147483647;
			files = (
			);
			inputPaths = (
			);
			name = "[CP] Check Pods Manifest.lock";
			outputPaths = (
			);
			runOnlyForDeploymentPostprocessing = 0;
			shellPath = /bin/sh;
			shellScript = "diff \"${PODS_PODFILE_DIR_PATH}/Podfile.lock\" \"${PODS_ROOT}/Manifest.lock\" > /dev/null\nif [ $? != 0 ] ; then\n    # print error to STDERR\n    echo \"error: The sandbox is not in sync with the Podfile.lock. Run 'pod install' or update your CocoaPods installation.\" >&2\n    exit 1\nfi\n";
			showEnvVarsInLog = 0;
		};
		B739453CA7BDAA92D3CE107A /* [CP] Check Pods Manifest.lock */ = {
			isa = PBXShellScriptBuildPhase;
			buildActionMask = 2147483647;
			files = (
			);
			inputPaths = (
			);
			name = "[CP] Check Pods Manifest.lock";
			outputPaths = (
			);
			runOnlyForDeploymentPostprocessing = 0;
			shellPath = /bin/sh;
			shellScript = "diff \"${PODS_PODFILE_DIR_PATH}/Podfile.lock\" \"${PODS_ROOT}/Manifest.lock\" > /dev/null\nif [ $? != 0 ] ; then\n    # print error to STDERR\n    echo \"error: The sandbox is not in sync with the Podfile.lock. Run 'pod install' or update your CocoaPods installation.\" >&2\n    exit 1\nfi\n";
			showEnvVarsInLog = 0;
		};
		B9291FBC5E4E2D94773516BC /* [CP] Embed Pods Frameworks */ = {
			isa = PBXShellScriptBuildPhase;
			buildActionMask = 2147483647;
			files = (
			);
			inputPaths = (
			);
			name = "[CP] Embed Pods Frameworks";
			outputPaths = (
			);
			runOnlyForDeploymentPostprocessing = 0;
			shellPath = /bin/sh;
			shellScript = "\"${SRCROOT}/Pods/Target Support Files/Pods-AppTableViewPlaceholderViewTests/Pods-AppTableViewPlaceholderViewTests-frameworks.sh\"\n";
			showEnvVarsInLog = 0;
		};
		BE8B9402BCBCB616DEE85E6E /* [CP] Copy Pods Resources */ = {
			isa = PBXShellScriptBuildPhase;
			buildActionMask = 2147483647;
			files = (
			);
			inputPaths = (
			);
			name = "[CP] Copy Pods Resources";
			outputPaths = (
			);
			runOnlyForDeploymentPostprocessing = 0;
			shellPath = /bin/sh;
			shellScript = "\"${SRCROOT}/Pods/Target Support Files/Pods-AppTableViewPlaceholderView/Pods-AppTableViewPlaceholderView-resources.sh\"\n";
			showEnvVarsInLog = 0;
		};
		C9549C81AD1158BEE9DA3D04 /* [CP] Copy Pods Resources */ = {
			isa = PBXShellScriptBuildPhase;
			buildActionMask = 2147483647;
			files = (
			);
			inputPaths = (
			);
			name = "[CP] Copy Pods Resources";
			outputPaths = (
			);
			runOnlyForDeploymentPostprocessing = 0;
			shellPath = /bin/sh;
			shellScript = "\"${SRCROOT}/Pods/Target Support Files/Pods-AppTableViewPlaceholderViewTests/Pods-AppTableViewPlaceholderViewTests-resources.sh\"\n";
			showEnvVarsInLog = 0;
		};
		C9BB982DDC3B1B0716FB14E5 /* [CP] Embed Pods Frameworks */ = {
			isa = PBXShellScriptBuildPhase;
			buildActionMask = 2147483647;
			files = (
			);
			inputPaths = (
			);
			name = "[CP] Embed Pods Frameworks";
			outputPaths = (
			);
			runOnlyForDeploymentPostprocessing = 0;
			shellPath = /bin/sh;
			shellScript = "\"${SRCROOT}/Pods/Target Support Files/Pods-AppTableViewPlaceholderView/Pods-AppTableViewPlaceholderView-frameworks.sh\"\n";
			showEnvVarsInLog = 0;
		};
		D79F20E56A25C3FFBDDA86C5 /* [CP] Embed Pods Frameworks */ = {
			isa = PBXShellScriptBuildPhase;
			buildActionMask = 2147483647;
			files = (
			);
			inputPaths = (
			);
			name = "[CP] Embed Pods Frameworks";
			outputPaths = (
			);
			runOnlyForDeploymentPostprocessing = 0;
			shellPath = /bin/sh;
			shellScript = "\"${SRCROOT}/Pods/Target Support Files/Pods-AppTableViewPlaceholderViewUITests/Pods-AppTableViewPlaceholderViewUITests-frameworks.sh\"\n";
			showEnvVarsInLog = 0;
		};
/* End PBXShellScriptBuildPhase section */

/* Begin PBXSourcesBuildPhase section */
		241A04DA1F204C020036F237 /* Sources */ = {
			isa = PBXSourcesBuildPhase;
			buildActionMask = 2147483647;
			files = (
				241A04E91F204C030036F237 /* ViewController.m in Sources */,
				241E53BE1F20A5830011FEE7 /* BaseViewController.m in Sources */,
				24BEFC231F207DC000C317F7 /* ZXNetworkingConfigurationManager.m in Sources */,
				24369086206E5F52006DDA49 /* NSObject+Swizzling.m in Sources */,
				2436908C206E604C006DDA49 /* NetworkRequestTool.m in Sources */,
				24369084206E5F52006DDA49 /* NotNetPlaceholderView.m in Sources */,
				24369088206E5F52006DDA49 /* Aspects.m in Sources */,
				24369089206E5F52006DDA49 /* ZXAspectEx.m in Sources */,
				24369082206E5F52006DDA49 /* NoDataPlaceholderView.m in Sources */,
				241A04E61F204C030036F237 /* AppDelegate.m in Sources */,
				241A04E31F204C030036F237 /* main.m in Sources */,
				24369087206E5F52006DDA49 /* UITableView+Placeholder.m in Sources */,
			);
			runOnlyForDeploymentPostprocessing = 0;
		};
		241A04F31F204C030036F237 /* Sources */ = {
			isa = PBXSourcesBuildPhase;
			buildActionMask = 2147483647;
			files = (
				241A04FC1F204C030036F237 /* AppTableViewPlaceholderViewTests.m in Sources */,
			);
			runOnlyForDeploymentPostprocessing = 0;
		};
		241A04FE1F204C030036F237 /* Sources */ = {
			isa = PBXSourcesBuildPhase;
			buildActionMask = 2147483647;
			files = (
				241A05071F204C030036F237 /* AppTableViewPlaceholderViewUITests.m in Sources */,
			);
			runOnlyForDeploymentPostprocessing = 0;
		};
/* End PBXSourcesBuildPhase section */

/* Begin PBXTargetDependency section */
		241A04F91F204C030036F237 /* PBXTargetDependency */ = {
			isa = PBXTargetDependency;
			target = 241A04DD1F204C020036F237 /* AppTableViewPlaceholderView */;
			targetProxy = 241A04F81F204C030036F237 /* PBXContainerItemProxy */;
		};
		241A05041F204C030036F237 /* PBXTargetDependency */ = {
			isa = PBXTargetDependency;
			target = 241A04DD1F204C020036F237 /* AppTableViewPlaceholderView */;
			targetProxy = 241A05031F204C030036F237 /* PBXContainerItemProxy */;
		};
/* End PBXTargetDependency section */

/* Begin PBXVariantGroup section */
		241A04EA1F204C030036F237 /* Main.storyboard */ = {
			isa = PBXVariantGroup;
			children = (
				241A04EB1F204C030036F237 /* Base */,
			);
			name = Main.storyboard;
			sourceTree = "<group>";
		};
		241A04EF1F204C030036F237 /* LaunchScreen.storyboard */ = {
			isa = PBXVariantGroup;
			children = (
				241A04F01F204C030036F237 /* Base */,
			);
			name = LaunchScreen.storyboard;
			sourceTree = "<group>";
		};
/* End PBXVariantGroup section */

/* Begin XCBuildConfiguration section */
		241A05091F204C030036F237 /* Debug */ = {
			isa = XCBuildConfiguration;
			buildSettings = {
				ALWAYS_SEARCH_USER_PATHS = NO;
				CLANG_ANALYZER_NONNULL = YES;
				CLANG_ANALYZER_NUMBER_OBJECT_CONVERSION = YES_AGGRESSIVE;
				CLANG_CXX_LANGUAGE_STANDARD = "gnu++0x";
				CLANG_CXX_LIBRARY = "libc++";
				CLANG_ENABLE_MODULES = YES;
				CLANG_ENABLE_OBJC_ARC = YES;
				CLANG_WARN_BOOL_CONVERSION = YES;
				CLANG_WARN_CONSTANT_CONVERSION = YES;
				CLANG_WARN_DIRECT_OBJC_ISA_USAGE = YES_ERROR;
				CLANG_WARN_DOCUMENTATION_COMMENTS = YES;
				CLANG_WARN_EMPTY_BODY = YES;
				CLANG_WARN_ENUM_CONVERSION = YES;
				CLANG_WARN_INFINITE_RECURSION = YES;
				CLANG_WARN_INT_CONVERSION = YES;
				CLANG_WARN_OBJC_ROOT_CLASS = YES_ERROR;
				CLANG_WARN_SUSPICIOUS_MOVE = YES;
				CLANG_WARN_UNREACHABLE_CODE = YES;
				CLANG_WARN__DUPLICATE_METHOD_MATCH = YES;
				"CODE_SIGN_IDENTITY[sdk=iphoneos*]" = "iPhone Developer";
				COPY_PHASE_STRIP = NO;
				DEBUG_INFORMATION_FORMAT = dwarf;
				ENABLE_STRICT_OBJC_MSGSEND = YES;
				ENABLE_TESTABILITY = YES;
				GCC_C_LANGUAGE_STANDARD = gnu99;
				GCC_DYNAMIC_NO_PIC = NO;
				GCC_NO_COMMON_BLOCKS = YES;
				GCC_OPTIMIZATION_LEVEL = 0;
				GCC_PREPROCESSOR_DEFINITIONS = (
					"DEBUG=1",
					"$(inherited)",
				);
				GCC_WARN_64_TO_32_BIT_CONVERSION = YES;
				GCC_WARN_ABOUT_RETURN_TYPE = YES_ERROR;
				GCC_WARN_UNDECLARED_SELECTOR = YES;
				GCC_WARN_UNINITIALIZED_AUTOS = YES_AGGRESSIVE;
				GCC_WARN_UNUSED_FUNCTION = YES;
				GCC_WARN_UNUSED_VARIABLE = YES;
				IPHONEOS_DEPLOYMENT_TARGET = 10.3;
				MTL_ENABLE_DEBUG_INFO = YES;
				ONLY_ACTIVE_ARCH = YES;
				SDKROOT = iphoneos;
				TARGETED_DEVICE_FAMILY = "1,2";
			};
			name = Debug;
		};
		241A050A1F204C030036F237 /* Release */ = {
			isa = XCBuildConfiguration;
			buildSettings = {
				ALWAYS_SEARCH_USER_PATHS = NO;
				CLANG_ANALYZER_NONNULL = YES;
				CLANG_ANALYZER_NUMBER_OBJECT_CONVERSION = YES_AGGRESSIVE;
				CLANG_CXX_LANGUAGE_STANDARD = "gnu++0x";
				CLANG_CXX_LIBRARY = "libc++";
				CLANG_ENABLE_MODULES = YES;
				CLANG_ENABLE_OBJC_ARC = YES;
				CLANG_WARN_BOOL_CONVERSION = YES;
				CLANG_WARN_CONSTANT_CONVERSION = YES;
				CLANG_WARN_DIRECT_OBJC_ISA_USAGE = YES_ERROR;
				CLANG_WARN_DOCUMENTATION_COMMENTS = YES;
				CLANG_WARN_EMPTY_BODY = YES;
				CLANG_WARN_ENUM_CONVERSION = YES;
				CLANG_WARN_INFINITE_RECURSION = YES;
				CLANG_WARN_INT_CONVERSION = YES;
				CLANG_WARN_OBJC_ROOT_CLASS = YES_ERROR;
				CLANG_WARN_SUSPICIOUS_MOVE = YES;
				CLANG_WARN_UNREACHABLE_CODE = YES;
				CLANG_WARN__DUPLICATE_METHOD_MATCH = YES;
				"CODE_SIGN_IDENTITY[sdk=iphoneos*]" = "iPhone Developer";
				COPY_PHASE_STRIP = NO;
				DEBUG_INFORMATION_FORMAT = "dwarf-with-dsym";
				ENABLE_NS_ASSERTIONS = NO;
				ENABLE_STRICT_OBJC_MSGSEND = YES;
				GCC_C_LANGUAGE_STANDARD = gnu99;
				GCC_NO_COMMON_BLOCKS = YES;
				GCC_WARN_64_TO_32_BIT_CONVERSION = YES;
				GCC_WARN_ABOUT_RETURN_TYPE = YES_ERROR;
				GCC_WARN_UNDECLARED_SELECTOR = YES;
				GCC_WARN_UNINITIALIZED_AUTOS = YES_AGGRESSIVE;
				GCC_WARN_UNUSED_FUNCTION = YES;
				GCC_WARN_UNUSED_VARIABLE = YES;
				IPHONEOS_DEPLOYMENT_TARGET = 10.3;
				MTL_ENABLE_DEBUG_INFO = NO;
				SDKROOT = iphoneos;
				TARGETED_DEVICE_FAMILY = "1,2";
				VALIDATE_PRODUCT = YES;
			};
			name = Release;
		};
		241A050C1F204C030036F237 /* Debug */ = {
			isa = XCBuildConfiguration;
			baseConfigurationReference = AF90E29BC4D76F3BDE2D1D6A /* Pods-AppTableViewPlaceholderView.debug.xcconfig */;
			buildSettings = {
				ASSETCATALOG_COMPILER_APPICON_NAME = AppIcon;
				INFOPLIST_FILE = AppTableViewPlaceholderView/Info.plist;
				LD_RUNPATH_SEARCH_PATHS = "$(inherited) @executable_path/Frameworks";
				PRODUCT_BUNDLE_IDENTIFIER = DYKJ.AppTableViewPlaceholderView;
				PRODUCT_NAME = "$(TARGET_NAME)";
			};
			name = Debug;
		};
		241A050D1F204C030036F237 /* Release */ = {
			isa = XCBuildConfiguration;
			baseConfigurationReference = A5A9425D36C6C85F86E5D050 /* Pods-AppTableViewPlaceholderView.release.xcconfig */;
			buildSettings = {
				ASSETCATALOG_COMPILER_APPICON_NAME = AppIcon;
				INFOPLIST_FILE = AppTableViewPlaceholderView/Info.plist;
				LD_RUNPATH_SEARCH_PATHS = "$(inherited) @executable_path/Frameworks";
				PRODUCT_BUNDLE_IDENTIFIER = DYKJ.AppTableViewPlaceholderView;
				PRODUCT_NAME = "$(TARGET_NAME)";
			};
			name = Release;
		};
		241A050F1F204C030036F237 /* Debug */ = {
			isa = XCBuildConfiguration;
			baseConfigurationReference = 0394CFB4EA4EF22ADC7C0350 /* Pods-AppTableViewPlaceholderViewTests.debug.xcconfig */;
			buildSettings = {
				BUNDLE_LOADER = "$(TEST_HOST)";
				INFOPLIST_FILE = AppTableViewPlaceholderViewTests/Info.plist;
				LD_RUNPATH_SEARCH_PATHS = "$(inherited) @executable_path/Frameworks @loader_path/Frameworks";
				PRODUCT_BUNDLE_IDENTIFIER = DYKJ.AppTableViewPlaceholderViewTests;
				PRODUCT_NAME = "$(TARGET_NAME)";
				TEST_HOST = "$(BUILT_PRODUCTS_DIR)/AppTableViewPlaceholderView.app/AppTableViewPlaceholderView";
			};
			name = Debug;
		};
		241A05101F204C030036F237 /* Release */ = {
			isa = XCBuildConfiguration;
			baseConfigurationReference = DCAFCA423F473F062F116009 /* Pods-AppTableViewPlaceholderViewTests.release.xcconfig */;
			buildSettings = {
				BUNDLE_LOADER = "$(TEST_HOST)";
				INFOPLIST_FILE = AppTableViewPlaceholderViewTests/Info.plist;
				LD_RUNPATH_SEARCH_PATHS = "$(inherited) @executable_path/Frameworks @loader_path/Frameworks";
				PRODUCT_BUNDLE_IDENTIFIER = DYKJ.AppTableViewPlaceholderViewTests;
				PRODUCT_NAME = "$(TARGET_NAME)";
				TEST_HOST = "$(BUILT_PRODUCTS_DIR)/AppTableViewPlaceholderView.app/AppTableViewPlaceholderView";
			};
			name = Release;
		};
		241A05121F204C030036F237 /* Debug */ = {
			isa = XCBuildConfiguration;
			baseConfigurationReference = CD65BC74E5F7A990F294636D /* Pods-AppTableViewPlaceholderViewUITests.debug.xcconfig */;
			buildSettings = {
				INFOPLIST_FILE = AppTableViewPlaceholderViewUITests/Info.plist;
				LD_RUNPATH_SEARCH_PATHS = "$(inherited) @executable_path/Frameworks @loader_path/Frameworks";
				PRODUCT_BUNDLE_IDENTIFIER = DYKJ.AppTableViewPlaceholderViewUITests;
				PRODUCT_NAME = "$(TARGET_NAME)";
				TEST_TARGET_NAME = AppTableViewPlaceholderView;
			};
			name = Debug;
		};
		241A05131F204C030036F237 /* Release */ = {
			isa = XCBuildConfiguration;
			baseConfigurationReference = 76AA829B72C79A509E5554FA /* Pods-AppTableViewPlaceholderViewUITests.release.xcconfig */;
			buildSettings = {
				INFOPLIST_FILE = AppTableViewPlaceholderViewUITests/Info.plist;
				LD_RUNPATH_SEARCH_PATHS = "$(inherited) @executable_path/Frameworks @loader_path/Frameworks";
				PRODUCT_BUNDLE_IDENTIFIER = DYKJ.AppTableViewPlaceholderViewUITests;
				PRODUCT_NAME = "$(TARGET_NAME)";
				TEST_TARGET_NAME = AppTableViewPlaceholderView;
			};
			name = Release;
		};
/* End XCBuildConfiguration section */

/* Begin XCConfigurationList section */
		241A04D91F204C020036F237 /* Build configuration list for PBXProject "AppTableViewPlaceholderView" */ = {
			isa = XCConfigurationList;
			buildConfigurations = (
				241A05091F204C030036F237 /* Debug */,
				241A050A1F204C030036F237 /* Release */,
			);
			defaultConfigurationIsVisible = 0;
			defaultConfigurationName = Release;
		};
		241A050B1F204C030036F237 /* Build configuration list for PBXNativeTarget "AppTableViewPlaceholderView" */ = {
			isa = XCConfigurationList;
			buildConfigurations = (
				241A050C1F204C030036F237 /* Debug */,
				241A050D1F204C030036F237 /* Release */,
			);
			defaultConfigurationIsVisible = 0;
			defaultConfigurationName = Release;
		};
		241A050E1F204C030036F237 /* Build configuration list for PBXNativeTarget "AppTableViewPlaceholderViewTests" */ = {
			isa = XCConfigurationList;
			buildConfigurations = (
				241A050F1F204C030036F237 /* Debug */,
				241A05101F204C030036F237 /* Release */,
			);
			defaultConfigurationIsVisible = 0;
			defaultConfigurationName = Release;
		};
		241A05111F204C030036F237 /* Build configuration list for PBXNativeTarget "AppTableViewPlaceholderViewUITests" */ = {
			isa = XCConfigurationList;
			buildConfigurations = (
				241A05121F204C030036F237 /* Debug */,
				241A05131F204C030036F237 /* Release */,
			);
			defaultConfigurationIsVisible = 0;
			defaultConfigurationName = Release;
		};
/* End XCConfigurationList section */
	};
	rootObject = 241A04D61F204C020036F237 /* Project object */;
}
